<?xml version="1.0" encoding="utf-8"?>
<Project ToolsVersion="4.0" xmlns="http://schemas.microsoft.com/developer/msbuild/2003">
  <ItemGroup>
    <Filter Include="源文件">
      <UniqueIdentifier>{4FC737F1-C7A5-4376-A066-2A32D752A2FF}</UniqueIdentifier>
      <Extensions>cpp;c;cc;cxx;def;odl;idl;hpj;bat;asm;asmx</Extensions>
    </Filter>
    <Filter Include="头文件">
      <UniqueIdentifier>{93995380-89BD-4b04-88EB-625FBE52EBFB}</UniqueIdentifier>
      <Extensions>h;hh;hpp;hxx;hm;inl;inc;xsd</Extensions>
    </Filter>
    <Filter Include="资源文件">
      <UniqueIdentifier>{67DA6AB6-F800-4c08-8B7A-83BB121AAD01}</UniqueIdentifier>
      <Extensions>rc;ico;cur;bmp;dlg;rc2;rct;bin;rgs;gif;jpg;jpeg;jpe;resx;tiff;tif;png;wav;mfcribbon-ms</Extensions>
    </Filter>
  </ItemGroup>
  <ItemGroup>
    <Text Include="ReadMe.txt" />
  </ItemGroup>
  <ItemGroup>
    <ClInclude Include="MFC_CountCircle.h">
      <Filter>头文件</Filter>
    </ClInclude>
    <ClInclude Include="stdafx.h">
      <Filter>头文件</Filter>
    </ClInclude>
    <ClInclude Include="targetver.h">
      <Filter>头文件</Filter>
    </ClInclude>
    <ClInclude Include="MainFrm.h">
      <Filter>头文件</Filter>
    </ClInclude>
    <ClInclude Include="MFC_CountCircleDoc.h">
      <Filter>头文件</Filter>
    </ClInclude>
    <ClInclude Include="MFC_CountCircleView.h">
      <Filter>头文件</Filter>
    </ClInclude>
    <ClInclude Include="Resource.h">
      <Filter>头文件</Filter>
    </ClInclude>
    <ClInclude Include="AVerCapAPI_Basic.h">
      <Filter>头文件</Filter>
    </ClInclude>
    <ClInclude Include="CapControl.h">
      <Filter>头文件</Filter>
    </ClInclude>
    <ClInclude Include="StreamView.h">
      <Filter>头文件</Filter>
    </ClInclude>
    <ClInclude Include="DlgView.h">
      <Filter>头文件</Filter>
    </ClInclude>
    <ClInclude Include="CvvImage.h">
      <Filter>头文件</Filter>
    </ClInclude>
    <ClInclude Include="DlgDO.h">
      <Filter>头文件</Filter>
    </ClInclude>
    <ClInclude Include="CvCam.h">
      <Filter>头文件</Filter>
    </ClInclude>
  </ItemGroup>
  <ItemGroup>
    <ClCompile Include="MFC_CountCircle.cpp">
      <Filter>源文件</Filter>
    </ClCompile>
    <ClCompile Include="stdafx.cpp">
      <Filter>源文件</Filter>
    </ClCompile>
    <ClCompile Include="MainFrm.cpp">
      <Filter>源文件</Filter>
    </ClCompile>
    <ClCompile Include="MFC_CountCircleDoc.cpp">
      <Filter>源文件</Filter>
    </ClCompile>
    <ClCompile Include="MFC_CountCircleView.cpp">
      <Filter>源文件</Filter>
    </ClCompile>
    <ClCompile Include="AVerCapAPI_Basic.cpp">
      <Filter>源文件</Filter>
    </ClCompile>
    <ClCompile Include="CapControl.cpp">
      <Filter>源文件</Filter>
    </ClCompile>
    <ClCompile Include="StreamView.cpp">
      <Filter>源文件</Filter>
    </ClCompile>
    <ClCompile Include="DlgView.cpp">
      <Filter>源文件</Filter>
    </ClCompile>
    <ClCompile Include="CvvImage.cpp">
      <Filter>源文件</Filter>
    </ClCompile>
    <ClCompile Include="DlgDO.cpp">
      <Filter>源文件</Filter>
    </ClCompile>
    <ClCompile Include="CvCam.cpp">
      <Filter>源文件</Filter>
    </ClCompile>
  </ItemGroup>
  <ItemGroup>
    <ResourceCompile Include="MFC_CountCircle.rc">
      <Filter>资源文件</Filter>
    </ResourceCompile>
  </ItemGroup>
  <ItemGroup>
    <Image Include="res\buttons.bmp">
      <Filter>资源文件</Filter>
    </Image>
    <Image Include="res\filelarge.bmp">
      <Filter>资源文件</Filter>
    </Image>
    <Image Include="res\filesmall.bmp">
      <Filter>资源文件</Filter>
    </Image>
    <Image Include="res\main.bmp">
      <Filter>资源文件</Filter>
    </Image>
    <Image Include="res\writelarge.bmp">
      <Filter>资源文件</Filter>
    </Image>
    <Image Include="res\writesmall.bmp">
      <Filter>资源文件</Filter>
    </Image>
    <Image Include="res\MFC_CountCircleDoc.ico">
      <Filter>资源文件</Filter>
    </Image>
    <Image Include="res\MFC_CountCircle.ico">
      <Filter>资源文件</Filter>
    </Image>
    <Image Include="res\Toolbar.bmp">
      <Filter>资源文件</Filter>
    </Image>
    <Image Include="res\Toolbar256.bmp">
      <Filter>资源文件</Filter>
    </Image>
    <Image Include="res\bitmap1.bmp">
      <Filter>资源文件</Filter>
    </Image>
    <Image Include="res\519185.png">
      <Filter>资源文件</Filter>
    </Image>
    <Image Include="res\523445.png">
      <Filter>资源文件</Filter>
    </Image>
    <Image Include="res\523476.png">
      <Filter>资源文件</Filter>
    </Image>
    <Image Include="res\Project1.bmp">
      <Filter>资源文件</Filter>
    </Image>
    <Image Include="res\icon1.ico">
      <Filter>资源文件</Filter>
    </Image>
  </ItemGroup>
  <ItemGroup>
    <None Include="res\ribbon.mfcribbon-ms">
      <Filter>资源文件</Filter>
    </None>
    <None Include="res\MFC_CountCircle.rc2">
      <Filter>资源文件</Filter>
    </None>
    <None Include="..\MFC_EFG_TIME_IO\res\Project1.bmp">
      <Filter>资源文件</Filter>
    </None>
  </ItemGroup>
</Project>