
Microsoft Visual Studio Solution File, Format Version 12.00
# Visual Studio Version 16
VisualStudioVersion = 16.0.28803.352
MinimumVisualStudioVersion = 10.0.40219.1
Project("{8BC9CEB8-8B4A-11D0-8D11-00A0C91BC942}") = "MFC_CountCircle", "MFC_CountCircle\MFC_CountCircle.vcxproj", "{D23764B8-D16A-4F13-9A20-4259753BE0C2}"
EndProject
Project("{8BC9CEB8-8B4A-11D0-8D11-00A0C91BC942}") = "MFC_EFG_TIME_IO", "MFC_EFG_TIME_IO\MFC_EFG_TIME_IO.vcxproj", "{95A77B9C-9441-4E6E-AEEF-2E7C50BCE9FE}"
EndProject
Project("{8BC9CEB8-8B4A-11D0-8D11-00A0C91BC942}") = "BER", "BER\BER.vcxproj", "{29D35C16-239B-496A-91F8-575CB4E32344}"
EndProject
Project("{8BC9CEB8-8B4A-11D0-8D11-00A0C91BC942}") = "ATtoSC", "ATtoSC\ATtoSC.vcxproj", "{BC7635A5-3D07-4C5E-B38A-4DA68034066C}"
EndProject
Project("{8BC9CEB8-8B4A-11D0-8D11-00A0C91BC942}") = "Win32SOCKET", "Win32SOCKET\Win32SOCKET.vcxproj", "{62E5F1C2-BAF1-44D5-A6F0-D63275B64BC5}"
EndProject
Project("{8BC9CEB8-8B4A-11D0-8D11-00A0C91BC942}") = "Win32WND", "Win32WND\Win32WND.vcxproj", "{1078FFE0-6668-42F4-87B8-AB9054CEA9BE}"
EndProject
Project("{8BC9CEB8-8B4A-11D0-8D11-00A0C91BC942}") = "ConsoleGL", "ConsoleGL\ConsoleGL.vcxproj", "{589D540D-9A4A-4FFA-8BEC-4393E9F9D12C}"
EndProject
Project("{8BC9CEB8-8B4A-11D0-8D11-00A0C91BC942}") = "ZPJ", "ZPJ\ZPJ.vcxproj", "{F8FB4FE0-414C-4B31-A4AE-D96ECEC12099}"
EndProject
Project("{8BC9CEB8-8B4A-11D0-8D11-00A0C91BC942}") = "opencvtest", "opencvtest\opencvtest.vcxproj", "{53535AC7-FE05-4C60-BC16-5A8CC54327C1}"
EndProject
Project("{F184B08F-C81C-45F6-A57F-5ABD9991F28F}") = "vb com", "vb com\vb com.vbproj", "{A03D9B54-5789-479C-AF4A-E2BEAAD82A20}"
EndProject
Global
	GlobalSection(SolutionConfigurationPlatforms) = preSolution
		Debug|Any CPU = Debug|Any CPU
		Debug|Win32 = Debug|Win32
		Debug|x64 = Debug|x64
		Debug|x86 = Debug|x86
		Release|Any CPU = Release|Any CPU
		Release|Win32 = Release|Win32
		Release|x64 = Release|x64
		Release|x86 = Release|x86
	EndGlobalSection
	GlobalSection(ProjectConfigurationPlatforms) = postSolution
		{D23764B8-D16A-4F13-9A20-4259753BE0C2}.Debug|Any CPU.ActiveCfg = Debug|Win32
		{D23764B8-D16A-4F13-9A20-4259753BE0C2}.Debug|Any CPU.Build.0 = Debug|Win32
		{D23764B8-D16A-4F13-9A20-4259753BE0C2}.Debug|Win32.ActiveCfg = Debug|Win32
		{D23764B8-D16A-4F13-9A20-4259753BE0C2}.Debug|Win32.Build.0 = Debug|Win32
		{D23764B8-D16A-4F13-9A20-4259753BE0C2}.Debug|x64.ActiveCfg = Debug|x64
		{D23764B8-D16A-4F13-9A20-4259753BE0C2}.Debug|x64.Build.0 = Debug|x64
		{D23764B8-D16A-4F13-9A20-4259753BE0C2}.Debug|x86.ActiveCfg = Debug|Win32
		{D23764B8-D16A-4F13-9A20-4259753BE0C2}.Debug|x86.Build.0 = Debug|Win32
		{D23764B8-D16A-4F13-9A20-4259753BE0C2}.Release|Any CPU.ActiveCfg = Release|Win32
		{D23764B8-D16A-4F13-9A20-4259753BE0C2}.Release|Win32.ActiveCfg = Release|Win32
		{D23764B8-D16A-4F13-9A20-4259753BE0C2}.Release|Win32.Build.0 = Release|Win32
		{D23764B8-D16A-4F13-9A20-4259753BE0C2}.Release|x64.ActiveCfg = Release|x64
		{D23764B8-D16A-4F13-9A20-4259753BE0C2}.Release|x64.Build.0 = Release|x64
		{D23764B8-D16A-4F13-9A20-4259753BE0C2}.Release|x86.ActiveCfg = Release|Win32
		{D23764B8-D16A-4F13-9A20-4259753BE0C2}.Release|x86.Build.0 = Release|Win32
		{95A77B9C-9441-4E6E-AEEF-2E7C50BCE9FE}.Debug|Any CPU.ActiveCfg = Debug|Win32
		{95A77B9C-9441-4E6E-AEEF-2E7C50BCE9FE}.Debug|Win32.ActiveCfg = Debug|Win32
		{95A77B9C-9441-4E6E-AEEF-2E7C50BCE9FE}.Debug|Win32.Build.0 = Debug|Win32
		{95A77B9C-9441-4E6E-AEEF-2E7C50BCE9FE}.Debug|x64.ActiveCfg = Debug|Win32
		{95A77B9C-9441-4E6E-AEEF-2E7C50BCE9FE}.Debug|x86.ActiveCfg = Debug|Win32
		{95A77B9C-9441-4E6E-AEEF-2E7C50BCE9FE}.Release|Any CPU.ActiveCfg = Release|Win32
		{95A77B9C-9441-4E6E-AEEF-2E7C50BCE9FE}.Release|Win32.ActiveCfg = Release|Win32
		{95A77B9C-9441-4E6E-AEEF-2E7C50BCE9FE}.Release|Win32.Build.0 = Release|Win32
		{95A77B9C-9441-4E6E-AEEF-2E7C50BCE9FE}.Release|x64.ActiveCfg = Release|Win32
		{95A77B9C-9441-4E6E-AEEF-2E7C50BCE9FE}.Release|x86.ActiveCfg = Release|Win32
		{29D35C16-239B-496A-91F8-575CB4E32344}.Debug|Any CPU.ActiveCfg = Debug|Win32
		{29D35C16-239B-496A-91F8-575CB4E32344}.Debug|Win32.ActiveCfg = Debug|Win32
		{29D35C16-239B-496A-91F8-575CB4E32344}.Debug|Win32.Build.0 = Debug|Win32
		{29D35C16-239B-496A-91F8-575CB4E32344}.Debug|x64.ActiveCfg = Debug|Win32
		{29D35C16-239B-496A-91F8-575CB4E32344}.Debug|x86.ActiveCfg = Debug|Win32
		{29D35C16-239B-496A-91F8-575CB4E32344}.Debug|x86.Build.0 = Debug|Win32
		{29D35C16-239B-496A-91F8-575CB4E32344}.Release|Any CPU.ActiveCfg = Release|Win32
		{29D35C16-239B-496A-91F8-575CB4E32344}.Release|Win32.ActiveCfg = Release|Win32
		{29D35C16-239B-496A-91F8-575CB4E32344}.Release|Win32.Build.0 = Release|Win32
		{29D35C16-239B-496A-91F8-575CB4E32344}.Release|x64.ActiveCfg = Release|Win32
		{29D35C16-239B-496A-91F8-575CB4E32344}.Release|x86.ActiveCfg = Release|Win32
		{29D35C16-239B-496A-91F8-575CB4E32344}.Release|x86.Build.0 = Release|Win32
		{BC7635A5-3D07-4C5E-B38A-4DA68034066C}.Debug|Any CPU.ActiveCfg = Debug|Win32
		{BC7635A5-3D07-4C5E-B38A-4DA68034066C}.Debug|Win32.ActiveCfg = Debug|Win32
		{BC7635A5-3D07-4C5E-B38A-4DA68034066C}.Debug|Win32.Build.0 = Debug|Win32
		{BC7635A5-3D07-4C5E-B38A-4DA68034066C}.Debug|x64.ActiveCfg = Debug|Win32
		{BC7635A5-3D07-4C5E-B38A-4DA68034066C}.Debug|x86.ActiveCfg = Debug|Win32
		{BC7635A5-3D07-4C5E-B38A-4DA68034066C}.Debug|x86.Build.0 = Debug|Win32
		{BC7635A5-3D07-4C5E-B38A-4DA68034066C}.Release|Any CPU.ActiveCfg = Release|Win32
		{BC7635A5-3D07-4C5E-B38A-4DA68034066C}.Release|Win32.ActiveCfg = Release|Win32
		{BC7635A5-3D07-4C5E-B38A-4DA68034066C}.Release|Win32.Build.0 = Release|Win32
		{BC7635A5-3D07-4C5E-B38A-4DA68034066C}.Release|x64.ActiveCfg = Release|Win32
		{BC7635A5-3D07-4C5E-B38A-4DA68034066C}.Release|x86.ActiveCfg = Release|Win32
		{BC7635A5-3D07-4C5E-B38A-4DA68034066C}.Release|x86.Build.0 = Release|Win32
		{62E5F1C2-BAF1-44D5-A6F0-D63275B64BC5}.Debug|Any CPU.ActiveCfg = Debug|Win32
		{62E5F1C2-BAF1-44D5-A6F0-D63275B64BC5}.Debug|Win32.ActiveCfg = Debug|Win32
		{62E5F1C2-BAF1-44D5-A6F0-D63275B64BC5}.Debug|Win32.Build.0 = Debug|Win32
		{62E5F1C2-BAF1-44D5-A6F0-D63275B64BC5}.Debug|x64.ActiveCfg = Debug|x64
		{62E5F1C2-BAF1-44D5-A6F0-D63275B64BC5}.Debug|x64.Build.0 = Debug|x64
		{62E5F1C2-BAF1-44D5-A6F0-D63275B64BC5}.Debug|x86.ActiveCfg = Debug|Win32
		{62E5F1C2-BAF1-44D5-A6F0-D63275B64BC5}.Debug|x86.Build.0 = Debug|Win32
		{62E5F1C2-BAF1-44D5-A6F0-D63275B64BC5}.Release|Any CPU.ActiveCfg = Release|Win32
		{62E5F1C2-BAF1-44D5-A6F0-D63275B64BC5}.Release|Win32.ActiveCfg = Release|Win32
		{62E5F1C2-BAF1-44D5-A6F0-D63275B64BC5}.Release|Win32.Build.0 = Release|Win32
		{62E5F1C2-BAF1-44D5-A6F0-D63275B64BC5}.Release|x64.ActiveCfg = Release|x64
		{62E5F1C2-BAF1-44D5-A6F0-D63275B64BC5}.Release|x64.Build.0 = Release|x64
		{62E5F1C2-BAF1-44D5-A6F0-D63275B64BC5}.Release|x86.ActiveCfg = Release|Win32
		{62E5F1C2-BAF1-44D5-A6F0-D63275B64BC5}.Release|x86.Build.0 = Release|Win32
		{1078FFE0-6668-42F4-87B8-AB9054CEA9BE}.Debug|Any CPU.ActiveCfg = Debug|Win32
		{1078FFE0-6668-42F4-87B8-AB9054CEA9BE}.Debug|Win32.ActiveCfg = Debug|Win32
		{1078FFE0-6668-42F4-87B8-AB9054CEA9BE}.Debug|Win32.Build.0 = Debug|Win32
		{1078FFE0-6668-42F4-87B8-AB9054CEA9BE}.Debug|x64.ActiveCfg = Debug|x64
		{1078FFE0-6668-42F4-87B8-AB9054CEA9BE}.Debug|x64.Build.0 = Debug|x64
		{1078FFE0-6668-42F4-87B8-AB9054CEA9BE}.Debug|x86.ActiveCfg = Debug|Win32
		{1078FFE0-6668-42F4-87B8-AB9054CEA9BE}.Debug|x86.Build.0 = Debug|Win32
		{1078FFE0-6668-42F4-87B8-AB9054CEA9BE}.Release|Any CPU.ActiveCfg = Release|Win32
		{1078FFE0-6668-42F4-87B8-AB9054CEA9BE}.Release|Win32.ActiveCfg = Release|Win32
		{1078FFE0-6668-42F4-87B8-AB9054CEA9BE}.Release|Win32.Build.0 = Release|Win32
		{1078FFE0-6668-42F4-87B8-AB9054CEA9BE}.Release|x64.ActiveCfg = Release|x64
		{1078FFE0-6668-42F4-87B8-AB9054CEA9BE}.Release|x64.Build.0 = Release|x64
		{1078FFE0-6668-42F4-87B8-AB9054CEA9BE}.Release|x86.ActiveCfg = Release|Win32
		{1078FFE0-6668-42F4-87B8-AB9054CEA9BE}.Release|x86.Build.0 = Release|Win32
		{589D540D-9A4A-4FFA-8BEC-4393E9F9D12C}.Debug|Any CPU.ActiveCfg = Debug|Win32
		{589D540D-9A4A-4FFA-8BEC-4393E9F9D12C}.Debug|Win32.ActiveCfg = Debug|Win32
		{589D540D-9A4A-4FFA-8BEC-4393E9F9D12C}.Debug|Win32.Build.0 = Debug|Win32
		{589D540D-9A4A-4FFA-8BEC-4393E9F9D12C}.Debug|x64.ActiveCfg = Debug|x64
		{589D540D-9A4A-4FFA-8BEC-4393E9F9D12C}.Debug|x64.Build.0 = Debug|x64
		{589D540D-9A4A-4FFA-8BEC-4393E9F9D12C}.Debug|x86.ActiveCfg = Debug|Win32
		{589D540D-9A4A-4FFA-8BEC-4393E9F9D12C}.Debug|x86.Build.0 = Debug|Win32
		{589D540D-9A4A-4FFA-8BEC-4393E9F9D12C}.Release|Any CPU.ActiveCfg = Release|Win32
		{589D540D-9A4A-4FFA-8BEC-4393E9F9D12C}.Release|Win32.ActiveCfg = Release|Win32
		{589D540D-9A4A-4FFA-8BEC-4393E9F9D12C}.Release|Win32.Build.0 = Release|Win32
		{589D540D-9A4A-4FFA-8BEC-4393E9F9D12C}.Release|x64.ActiveCfg = Release|x64
		{589D540D-9A4A-4FFA-8BEC-4393E9F9D12C}.Release|x64.Build.0 = Release|x64
		{589D540D-9A4A-4FFA-8BEC-4393E9F9D12C}.Release|x86.ActiveCfg = Release|Win32
		{589D540D-9A4A-4FFA-8BEC-4393E9F9D12C}.Release|x86.Build.0 = Release|Win32
		{F8FB4FE0-414C-4B31-A4AE-D96ECEC12099}.Debug|Any CPU.ActiveCfg = Debug|Win32
		{F8FB4FE0-414C-4B31-A4AE-D96ECEC12099}.Debug|Win32.ActiveCfg = Debug|Win32
		{F8FB4FE0-414C-4B31-A4AE-D96ECEC12099}.Debug|Win32.Build.0 = Debug|Win32
		{F8FB4FE0-414C-4B31-A4AE-D96ECEC12099}.Debug|x64.ActiveCfg = Debug|Win32
		{F8FB4FE0-414C-4B31-A4AE-D96ECEC12099}.Debug|x86.ActiveCfg = Debug|Win32
		{F8FB4FE0-414C-4B31-A4AE-D96ECEC12099}.Debug|x86.Build.0 = Debug|Win32
		{F8FB4FE0-414C-4B31-A4AE-D96ECEC12099}.Release|Any CPU.ActiveCfg = Release|Win32
		{F8FB4FE0-414C-4B31-A4AE-D96ECEC12099}.Release|Win32.ActiveCfg = Release|Win32
		{F8FB4FE0-414C-4B31-A4AE-D96ECEC12099}.Release|Win32.Build.0 = Release|Win32
		{F8FB4FE0-414C-4B31-A4AE-D96ECEC12099}.Release|x64.ActiveCfg = Release|Win32
		{F8FB4FE0-414C-4B31-A4AE-D96ECEC12099}.Release|x86.ActiveCfg = Release|Win32
		{F8FB4FE0-414C-4B31-A4AE-D96ECEC12099}.Release|x86.Build.0 = Release|Win32
		{53535AC7-FE05-4C60-BC16-5A8CC54327C1}.Debug|Any CPU.ActiveCfg = Debug|Win32
		{53535AC7-FE05-4C60-BC16-5A8CC54327C1}.Debug|Win32.ActiveCfg = Debug|Win32
		{53535AC7-FE05-4C60-BC16-5A8CC54327C1}.Debug|Win32.Build.0 = Debug|Win32
		{53535AC7-FE05-4C60-BC16-5A8CC54327C1}.Debug|x64.ActiveCfg = Debug|Win32
		{53535AC7-FE05-4C60-BC16-5A8CC54327C1}.Debug|x86.ActiveCfg = Debug|Win32
		{53535AC7-FE05-4C60-BC16-5A8CC54327C1}.Debug|x86.Build.0 = Debug|Win32
		{53535AC7-FE05-4C60-BC16-5A8CC54327C1}.Release|Any CPU.ActiveCfg = Release|Win32
		{53535AC7-FE05-4C60-BC16-5A8CC54327C1}.Release|Win32.ActiveCfg = Release|Win32
		{53535AC7-FE05-4C60-BC16-5A8CC54327C1}.Release|Win32.Build.0 = Release|Win32
		{53535AC7-FE05-4C60-BC16-5A8CC54327C1}.Release|x64.ActiveCfg = Release|Win32
		{53535AC7-FE05-4C60-BC16-5A8CC54327C1}.Release|x86.ActiveCfg = Release|Win32
		{53535AC7-FE05-4C60-BC16-5A8CC54327C1}.Release|x86.Build.0 = Release|Win32
		{A03D9B54-5789-479C-AF4A-E2BEAAD82A20}.Debug|Any CPU.ActiveCfg = Debug|x86
		{A03D9B54-5789-479C-AF4A-E2BEAAD82A20}.Debug|Win32.ActiveCfg = Debug|x86
		{A03D9B54-5789-479C-AF4A-E2BEAAD82A20}.Debug|Win32.Build.0 = Debug|x86
		{A03D9B54-5789-479C-AF4A-E2BEAAD82A20}.Debug|x64.ActiveCfg = Debug|x86
		{A03D9B54-5789-479C-AF4A-E2BEAAD82A20}.Debug|x86.ActiveCfg = Debug|x86
		{A03D9B54-5789-479C-AF4A-E2BEAAD82A20}.Debug|x86.Build.0 = Debug|x86
		{A03D9B54-5789-479C-AF4A-E2BEAAD82A20}.Release|Any CPU.ActiveCfg = Release|x86
		{A03D9B54-5789-479C-AF4A-E2BEAAD82A20}.Release|Win32.ActiveCfg = Release|x86
		{A03D9B54-5789-479C-AF4A-E2BEAAD82A20}.Release|Win32.Build.0 = Release|x86
		{A03D9B54-5789-479C-AF4A-E2BEAAD82A20}.Release|x64.ActiveCfg = Release|x86
		{A03D9B54-5789-479C-AF4A-E2BEAAD82A20}.Release|x86.ActiveCfg = Release|x86
		{A03D9B54-5789-479C-AF4A-E2BEAAD82A20}.Release|x86.Build.0 = Release|x86
	EndGlobalSection
	GlobalSection(SolutionProperties) = preSolution
		HideSolutionNode = FALSE
	EndGlobalSection
	GlobalSection(ExtensibilityGlobals) = postSolution
		SolutionGuid = {88F76DF4-A1A6-4814-AB5D-3D4F46110B03}
	EndGlobalSection
EndGlobal
