
Microsoft Visual Studio Solution File, Format Version 11.00
# Visual Studio 2010
Project("{8BC9CEB8-8B4A-11D0-8D11-00A0C91BC942}") = "MFC_CountCircle", "MFC_CountCircle\MFC_CountCircle.vcxproj", "{D23764B8-D16A-4F13-9A20-4259753BE0C2}"
EndProject
Project("{8BC9CEB8-8B4A-11D0-8D11-00A0C91BC942}") = "MFC_EFG_TIME_IO", "MFC_EFG_TIME_IO\MFC_EFG_TIME_IO.vcxproj", "{95A77B9C-9441-4E6E-AEEF-2E7C50BCE9FE}"
EndProject
Project("{8BC9CEB8-8B4A-11D0-8D11-00A0C91BC942}") = "BER", "BER\BER.vcxproj", "{29D35C16-239B-496A-91F8-575CB4E32344}"
EndProject
Global
	GlobalSection(SolutionConfigurationPlatforms) = preSolution
		Debug|Any CPU = Debug|Any CPU
		Debug|Win32 = Debug|Win32
		Debug|x64 = Debug|x64
		Debug|x86 = Debug|x86
		Release|Any CPU = Release|Any CPU
		Release|Win32 = Release|Win32
		Release|x64 = Release|x64
		Release|x86 = Release|x86
	EndGlobalSection
	GlobalSection(ProjectConfigurationPlatforms) = postSolution
		{D23764B8-D16A-4F13-9A20-4259753BE0C2}.Debug|Any CPU.ActiveCfg = Debug|Win32
		{D23764B8-D16A-4F13-9A20-4259753BE0C2}.Debug|Any CPU.Build.0 = Debug|Win32
		{D23764B8-D16A-4F13-9A20-4259753BE0C2}.Debug|Win32.ActiveCfg = Debug|Win32
		{D23764B8-D16A-4F13-9A20-4259753BE0C2}.Debug|Win32.Build.0 = Debug|Win32
		{D23764B8-D16A-4F13-9A20-4259753BE0C2}.Debug|x64.ActiveCfg = Debug|x64
		{D23764B8-D16A-4F13-9A20-4259753BE0C2}.Debug|x64.Build.0 = Debug|x64
		{D23764B8-D16A-4F13-9A20-4259753BE0C2}.Debug|x86.ActiveCfg = Debug|Win32
		{D23764B8-D16A-4F13-9A20-4259753BE0C2}.Debug|x86.Build.0 = Debug|Win32
		{D23764B8-D16A-4F13-9A20-4259753BE0C2}.Release|Any CPU.ActiveCfg = Release|Win32
		{D23764B8-D16A-4F13-9A20-4259753BE0C2}.Release|Win32.ActiveCfg = Release|Win32
		{D23764B8-D16A-4F13-9A20-4259753BE0C2}.Release|Win32.Build.0 = Release|Win32
		{D23764B8-D16A-4F13-9A20-4259753BE0C2}.Release|x64.ActiveCfg = Release|x64
		{D23764B8-D16A-4F13-9A20-4259753BE0C2}.Release|x64.Build.0 = Release|x64
		{D23764B8-D16A-4F13-9A20-4259753BE0C2}.Release|x86.ActiveCfg = Release|Win32
		{D23764B8-D16A-4F13-9A20-4259753BE0C2}.Release|x86.Build.0 = Release|Win32
		{95A77B9C-9441-4E6E-AEEF-2E7C50BCE9FE}.Debug|Any CPU.ActiveCfg = Debug|Win32
		{95A77B9C-9441-4E6E-AEEF-2E7C50BCE9FE}.Debug|Win32.ActiveCfg = Debug|Win32
		{95A77B9C-9441-4E6E-AEEF-2E7C50BCE9FE}.Debug|Win32.Build.0 = Debug|Win32
		{95A77B9C-9441-4E6E-AEEF-2E7C50BCE9FE}.Debug|x64.ActiveCfg = Debug|Win32
		{95A77B9C-9441-4E6E-AEEF-2E7C50BCE9FE}.Debug|x86.ActiveCfg = Debug|Win32
		{95A77B9C-9441-4E6E-AEEF-2E7C50BCE9FE}.Release|Any CPU.ActiveCfg = Release|Win32
		{95A77B9C-9441-4E6E-AEEF-2E7C50BCE9FE}.Release|Win32.ActiveCfg = Release|Win32
		{95A77B9C-9441-4E6E-AEEF-2E7C50BCE9FE}.Release|Win32.Build.0 = Release|Win32
		{95A77B9C-9441-4E6E-AEEF-2E7C50BCE9FE}.Release|x64.ActiveCfg = Release|Win32
		{95A77B9C-9441-4E6E-AEEF-2E7C50BCE9FE}.Release|x86.ActiveCfg = Release|Win32
		{29D35C16-239B-496A-91F8-575CB4E32344}.Debug|Any CPU.ActiveCfg = Debug|Win32
		{29D35C16-239B-496A-91F8-575CB4E32344}.Debug|Win32.ActiveCfg = Debug|Win32
		{29D35C16-239B-496A-91F8-575CB4E32344}.Debug|Win32.Build.0 = Debug|Win32
		{29D35C16-239B-496A-91F8-575CB4E32344}.Debug|x64.ActiveCfg = Debug|Win32
		{29D35C16-239B-496A-91F8-575CB4E32344}.Debug|x86.ActiveCfg = Debug|Win32
		{29D35C16-239B-496A-91F8-575CB4E32344}.Release|Any CPU.ActiveCfg = Release|Win32
		{29D35C16-239B-496A-91F8-575CB4E32344}.Release|Win32.ActiveCfg = Release|Win32
		{29D35C16-239B-496A-91F8-575CB4E32344}.Release|Win32.Build.0 = Release|Win32
		{29D35C16-239B-496A-91F8-575CB4E32344}.Release|x64.ActiveCfg = Release|Win32
		{29D35C16-239B-496A-91F8-575CB4E32344}.Release|x86.ActiveCfg = Release|Win32
	EndGlobalSection
	GlobalSection(SolutionProperties) = preSolution
		HideSolutionNode = FALSE
	EndGlobalSection
EndGlobal
