<?xml version="1.0" encoding="utf-8"?>
<Project ToolsVersion="4.0" xmlns="http://schemas.microsoft.com/developer/msbuild/2003">
  <ItemGroup>
    <Filter Include="源文件">
      <UniqueIdentifier>{4FC737F1-C7A5-4376-A066-2A32D752A2FF}</UniqueIdentifier>
      <Extensions>cpp;c;cc;cxx;def;odl;idl;hpj;bat;asm;asmx</Extensions>
    </Filter>
    <Filter Include="头文件">
      <UniqueIdentifier>{93995380-89BD-4b04-88EB-625FBE52EBFB}</UniqueIdentifier>
      <Extensions>h;hpp;hxx;hm;inl;inc;xsd</Extensions>
    </Filter>
    <Filter Include="资源文件">
      <UniqueIdentifier>{67DA6AB6-F800-4c08-8B7A-83BB121AAD01}</UniqueIdentifier>
      <Extensions>rc;ico;cur;bmp;dlg;rc2;rct;bin;rgs;gif;jpg;jpeg;jpe;resx;tiff;tif;png;wav;mfcribbon-ms</Extensions>
    </Filter>
    <Filter Include="PCI1780U">
      <UniqueIdentifier>{0890ee0e-6467-4f43-beb3-d17c2d6ae52d}</UniqueIdentifier>
    </Filter>
  </ItemGroup>
  <ItemGroup>
    <None Include="ReadMe.txt" />
    <None Include="res\buttons.bmp">
      <Filter>资源文件</Filter>
    </None>
    <None Include="res\filelarge.bmp">
      <Filter>资源文件</Filter>
    </None>
    <None Include="res\filesmall.bmp">
      <Filter>资源文件</Filter>
    </None>
    <None Include="res\main.bmp">
      <Filter>资源文件</Filter>
    </None>
    <None Include="res\writelarge.bmp">
      <Filter>资源文件</Filter>
    </None>
    <None Include="res\writesmall.bmp">
      <Filter>资源文件</Filter>
    </None>
    <None Include="res\ribbon.mfcribbon-ms">
      <Filter>资源文件</Filter>
    </None>
    <None Include="res\MFC_EFG_TIME_IO.rc2">
      <Filter>资源文件</Filter>
    </None>
    <None Include="res\MFC_EFG_TIME_IODoc.ico">
      <Filter>资源文件</Filter>
    </None>
    <None Include="res\MFC_EFG_TIME_IO.ico">
      <Filter>资源文件</Filter>
    </None>
    <None Include="res\Toolbar.bmp">
      <Filter>资源文件</Filter>
    </None>
    <None Include="res\Toolbar256.bmp">
      <Filter>资源文件</Filter>
    </None>
    <None Include="ClassDiagram.cd" />
  </ItemGroup>
  <ItemGroup>
    <ClInclude Include="MFC_EFG_TIME_IO.h">
      <Filter>头文件</Filter>
    </ClInclude>
    <ClInclude Include="stdafx.h">
      <Filter>头文件</Filter>
    </ClInclude>
    <ClInclude Include="targetver.h">
      <Filter>头文件</Filter>
    </ClInclude>
    <ClInclude Include="MainFrm.h">
      <Filter>头文件</Filter>
    </ClInclude>
    <ClInclude Include="MFC_EFG_TIME_IODoc.h">
      <Filter>头文件</Filter>
    </ClInclude>
    <ClInclude Include="MFC_EFG_TIME_IOView.h">
      <Filter>头文件</Filter>
    </ClInclude>
    <ClInclude Include="Resource.h">
      <Filter>头文件</Filter>
    </ClInclude>
    <ClInclude Include="TimeIOCtrl.h">
      <Filter>头文件</Filter>
    </ClInclude>
    <ClInclude Include="DlgDI.h">
      <Filter>头文件</Filter>
    </ClInclude>
    <ClInclude Include="DlgDO.h">
      <Filter>头文件</Filter>
    </ClInclude>
    <ClInclude Include="DlgT0.h">
      <Filter>头文件</Filter>
    </ClInclude>
    <ClInclude Include="DlgT1.h">
      <Filter>头文件</Filter>
    </ClInclude>
    <ClInclude Include="CtrlBase.h">
      <Filter>PCI1780U</Filter>
    </ClInclude>
    <ClInclude Include="TimerPulse.h">
      <Filter>PCI1780U</Filter>
    </ClInclude>
  </ItemGroup>
  <ItemGroup>
    <ClCompile Include="MFC_EFG_TIME_IO.cpp">
      <Filter>源文件</Filter>
    </ClCompile>
    <ClCompile Include="stdafx.cpp">
      <Filter>源文件</Filter>
    </ClCompile>
    <ClCompile Include="MainFrm.cpp">
      <Filter>源文件</Filter>
    </ClCompile>
    <ClCompile Include="MFC_EFG_TIME_IODoc.cpp">
      <Filter>源文件</Filter>
    </ClCompile>
    <ClCompile Include="MFC_EFG_TIME_IOView.cpp">
      <Filter>源文件</Filter>
    </ClCompile>
    <ClCompile Include="TimeIOCtrl.cpp">
      <Filter>源文件</Filter>
    </ClCompile>
    <ClCompile Include="CtrlBase.cpp">
      <Filter>PCI1780U</Filter>
    </ClCompile>
    <ClCompile Include="DlgDI.cpp">
      <Filter>源文件</Filter>
    </ClCompile>
    <ClCompile Include="DlgDO.cpp">
      <Filter>源文件</Filter>
    </ClCompile>
    <ClCompile Include="DlgT0.cpp">
      <Filter>源文件</Filter>
    </ClCompile>
    <ClCompile Include="DlgT1.cpp">
      <Filter>源文件</Filter>
    </ClCompile>
    <ClCompile Include="TimerPulse.cpp">
      <Filter>PCI1780U</Filter>
    </ClCompile>
  </ItemGroup>
  <ItemGroup>
    <ResourceCompile Include="MFC_EFG_TIME_IO.rc">
      <Filter>资源文件</Filter>
    </ResourceCompile>
  </ItemGroup>
</Project>